
Microsoft Visual Studio Solution File, Format Version 12.00
# Visual Studio Version 17
VisualStudioVersion = 17.3.32929.385
MinimumVisualStudioVersion = 10.0.40219.1
Project("{9A19103F-16F7-4668-BE54-9A1E7A4F7556}") = "CourseMash.app", "CourseMash.app\CourseMash.app.csproj", "{DC57C25C-60A2-4E6E-8FA2-CD13EAF7D699}"
EndProject
Global
	GlobalSection(SolutionConfigurationPlatforms) = preSolution
		Debug|Any CPU = Debug|Any CPU
		Release|Any CPU = Release|Any CPU
	EndGlobalSection
	GlobalSection(ProjectConfigurationPlatforms) = postSolution
		{DC57C25C-60A2-4E6E-8FA2-CD13EAF7D699}.Debug|Any CPU.ActiveCfg = Debug|Any CPU
		{DC57C25C-60A2-4E6E-8FA2-CD13EAF7D699}.Debug|Any CPU.Build.0 = Debug|Any CPU
		{DC57C25C-60A2-4E6E-8FA2-CD13EAF7D699}.Release|Any CPU.ActiveCfg = Release|Any CPU
		{DC57C25C-60A2-4E6E-8FA2-CD13EAF7D699}.Release|Any CPU.Build.0 = Release|Any CPU
	EndGlobalSection
	GlobalSection(SolutionProperties) = preSolution
		HideSolutionNode = FALSE
	EndGlobalSection
	GlobalSection(ExtensibilityGlobals) = postSolution
		SolutionGuid = {27F9F6E7-F949-4B25-84ED-EF1B6E98E3E3}
	EndGlobalSection
EndGlobal
